// !$*UTF8*$!
{
	archiveVersion = 1;
	classes = {
	};
	objectVersion = 56;
	objects = {

/* Begin PBXBuildFile section */
		2D38DD5B288EF778006F859A /* RegularExpressions.swift in Sources */ = {isa = PBXBuildFile; fileRef = 2D38DD5A288EF778006F859A /* RegularExpressions.swift */; };
		2DF3AB9F285836A100DA868E /* WWDC2022App.swift in Sources */ = {isa = PBXBuildFile; fileRef = 2DF3AB9E285836A100DA868E /* WWDC2022App.swift */; };
		2DF3ABA1285836A100DA868E /* ContentView.swift in Sources */ = {isa = PBXBuildFile; fileRef = 2DF3ABA0285836A100DA868E /* ContentView.swift */; };
		2DF3ABA3285836A200DA868E /* Assets.xcassets in Resources */ = {isa = PBXBuildFile; fileRef = 2DF3ABA2285836A200DA868E /* Assets.xcassets */; };
		2DF3ABA7285836A200DA868E /* Preview Assets.xcassets in Resources */ = {isa = PBXBuildFile; fileRef = 2DF3ABA6285836A200DA868E /* Preview Assets.xcassets */; };
		3C5212142869869000DCB788 /* ChartsUIView.swift in Sources */ = {isa = PBXBuildFile; fileRef = 3C5212132869869000DCB788 /* ChartsUIView.swift */; };
		3C521216286BDFF300DCB788 /* MoreChartsUIView.swift in Sources */ = {isa = PBXBuildFile; fileRef = 3C521215286BDFF300DCB788 /* MoreChartsUIView.swift */; };
		3C521218286C062400DCB788 /* DemoChartsUIView.swift in Sources */ = {isa = PBXBuildFile; fileRef = 3C521217286C062400DCB788 /* DemoChartsUIView.swift */; };
		3C65A8C8287E72630086D62E /* ScrollViewUIView.swift in Sources */ = {isa = PBXBuildFile; fileRef = 3C65A8C7287E72630086D62E /* ScrollViewUIView.swift */; };
		3C65A8CB287E7BAF0086D62E /* SFSymbolsUIView.swift in Sources */ = {isa = PBXBuildFile; fileRef = 3C65A8CA287E7BAF0086D62E /* SFSymbolsUIView.swift */; };
		3C65A8D0287EA0B40086D62E /* NavigationStackUIView.swift in Sources */ = {isa = PBXBuildFile; fileRef = 3C65A8CF287EA0B40086D62E /* NavigationStackUIView.swift */; };
		3C65A8D3287EA1070086D62E /* NavigationSplitUIView.swift in Sources */ = {isa = PBXBuildFile; fileRef = 3C65A8D2287EA1070086D62E /* NavigationSplitUIView.swift */; };
		3C7AB2FE287DC97C004ADDE5 /* SearchableUIView.swift in Sources */ = {isa = PBXBuildFile; fileRef = 3C7AB2FD287DC97C004ADDE5 /* SearchableUIView.swift */; };
		3C7AB301287E52A4004ADDE5 /* AnylayoutUIView.swift in Sources */ = {isa = PBXBuildFile; fileRef = 3C7AB300287E52A4004ADDE5 /* AnylayoutUIView.swift */; };
		3C883340288CB6880076C0FF /* ChartsData.swift in Sources */ = {isa = PBXBuildFile; fileRef = 3C88333F288CB6880076C0FF /* ChartsData.swift */; };
		3C883342288D84AA0076C0FF /* DemoGridUIView.swift in Sources */ = {isa = PBXBuildFile; fileRef = 3C883341288D84AA0076C0FF /* DemoGridUIView.swift */; };
		3C9BB626286D7C8C0079A214 /* GridUIView.swift in Sources */ = {isa = PBXBuildFile; fileRef = 3C9BB625286D7C8C0079A214 /* GridUIView.swift */; };
		3C9BB629286ED11D0079A214 /* GaugeUIView.swift in Sources */ = {isa = PBXBuildFile; fileRef = 3C9BB628286ED11D0079A214 /* GaugeUIView.swift */; };
		3C9BB62C286EEA960079A214 /* MultiDatePickerUIView.swift in Sources */ = {isa = PBXBuildFile; fileRef = 3C9BB62B286EEA960079A214 /* MultiDatePickerUIView.swift */; };
		3CA1EA872875231F0007346E /* TableUIView.swift in Sources */ = {isa = PBXBuildFile; fileRef = 3CA1EA862875231F0007346E /* TableUIView.swift */; };
		3CA1EA8A2876C86F0007346E /* BottomSheetUIView.swift in Sources */ = {isa = PBXBuildFile; fileRef = 3CA1EA892876C86F0007346E /* BottomSheetUIView.swift */; };
		3CA1EA8D2877D7370007346E /* ShareLinkUIView.swift in Sources */ = {isa = PBXBuildFile; fileRef = 3CA1EA8C2877D7370007346E /* ShareLinkUIView.swift */; };
		3CA1EA8F287820EC0007346E /* PhotoUIView.swift in Sources */ = {isa = PBXBuildFile; fileRef = 3CA1EA8E287820EC0007346E /* PhotoUIView.swift */; };
		3CA38FCB2897763C004BC659 /* XcodeDemoUIView.swift in Sources */ = {isa = PBXBuildFile; fileRef = 3CA38FCA2897763C004BC659 /* XcodeDemoUIView.swift */; };
		3CA38FCD28977877004BC659 /* XcodeUIView.swift in Sources */ = {isa = PBXBuildFile; fileRef = 3CA38FCC28977877004BC659 /* XcodeUIView.swift */; };
		3CF79853285C2C230027F2E2 /* NavigationModel.swift in Sources */ = {isa = PBXBuildFile; fileRef = 3CF79852285C2C230027F2E2 /* NavigationModel.swift */; };
/* End PBXBuildFile section */

/* Begin PBXFileReference section */
		2D38DD5A288EF778006F859A /* RegularExpressions.swift */ = {isa = PBXFileReference; lastKnownFileType = sourcecode.swift; path = RegularExpressions.swift; sourceTree = "<group>"; };
		2DF3AB9B285836A100DA868E /* WWDC2022.app */ = {isa = PBXFileReference; explicitFileType = wrapper.application; includeInIndex = 0; path = WWDC2022.app; sourceTree = BUILT_PRODUCTS_DIR; };
		2DF3AB9E285836A100DA868E /* WWDC2022App.swift */ = {isa = PBXFileReference; lastKnownFileType = sourcecode.swift; path = WWDC2022App.swift; sourceTree = "<group>"; };
		2DF3ABA0285836A100DA868E /* ContentView.swift */ = {isa = PBXFileReference; lastKnownFileType = sourcecode.swift; path = ContentView.swift; sourceTree = "<group>"; };
		2DF3ABA2285836A200DA868E /* Assets.xcassets */ = {isa = PBXFileReference; lastKnownFileType = folder.assetcatalog; path = Assets.xcassets; sourceTree = "<group>"; };
		2DF3ABA4285836A200DA868E /* WWDC2022.entitlements */ = {isa = PBXFileReference; lastKnownFileType = text.plist.entitlements; path = WWDC2022.entitlements; sourceTree = "<group>"; };
		2DF3ABA6285836A200DA868E /* Preview Assets.xcassets */ = {isa = PBXFileReference; lastKnownFileType = folder.assetcatalog; path = "Preview Assets.xcassets"; sourceTree = "<group>"; };
		3C5212132869869000DCB788 /* ChartsUIView.swift */ = {isa = PBXFileReference; lastKnownFileType = sourcecode.swift; path = ChartsUIView.swift; sourceTree = "<group>"; };
		3C521215286BDFF300DCB788 /* MoreChartsUIView.swift */ = {isa = PBXFileReference; lastKnownFileType = sourcecode.swift; path = MoreChartsUIView.swift; sourceTree = "<group>"; };
		3C521217286C062400DCB788 /* DemoChartsUIView.swift */ = {isa = PBXFileReference; lastKnownFileType = sourcecode.swift; path = DemoChartsUIView.swift; sourceTree = "<group>"; };
		3C65A8C7287E72630086D62E /* ScrollViewUIView.swift */ = {isa = PBXFileReference; lastKnownFileType = sourcecode.swift; path = ScrollViewUIView.swift; sourceTree = "<group>"; };
		3C65A8CA287E7BAF0086D62E /* SFSymbolsUIView.swift */ = {isa = PBXFileReference; lastKnownFileType = sourcecode.swift; path = SFSymbolsUIView.swift; sourceTree = "<group>"; };
		3C65A8CF287EA0B40086D62E /* NavigationStackUIView.swift */ = {isa = PBXFileReference; lastKnownFileType = sourcecode.swift; path = NavigationStackUIView.swift; sourceTree = "<group>"; };
		3C65A8D2287EA1070086D62E /* NavigationSplitUIView.swift */ = {isa = PBXFileReference; lastKnownFileType = sourcecode.swift; path = NavigationSplitUIView.swift; sourceTree = "<group>"; };
		3C7AB2FD287DC97C004ADDE5 /* SearchableUIView.swift */ = {isa = PBXFileReference; lastKnownFileType = sourcecode.swift; path = SearchableUIView.swift; sourceTree = "<group>"; };
		3C7AB300287E52A4004ADDE5 /* AnylayoutUIView.swift */ = {isa = PBXFileReference; lastKnownFileType = sourcecode.swift; path = AnylayoutUIView.swift; sourceTree = "<group>"; };
		3C88333F288CB6880076C0FF /* ChartsData.swift */ = {isa = PBXFileReference; lastKnownFileType = sourcecode.swift; path = ChartsData.swift; sourceTree = "<group>"; };
		3C883341288D84AA0076C0FF /* DemoGridUIView.swift */ = {isa = PBXFileReference; lastKnownFileType = sourcecode.swift; path = DemoGridUIView.swift; sourceTree = "<group>"; };
		3C9BB625286D7C8C0079A214 /* GridUIView.swift */ = {isa = PBXFileReference; lastKnownFileType = sourcecode.swift; path = GridUIView.swift; sourceTree = "<group>"; };
		3C9BB628286ED11D0079A214 /* GaugeUIView.swift */ = {isa = PBXFileReference; lastKnownFileType = sourcecode.swift; path = GaugeUIView.swift; sourceTree = "<group>"; };
		3C9BB62B286EEA960079A214 /* MultiDatePickerUIView.swift */ = {isa = PBXFileReference; lastKnownFileType = sourcecode.swift; path = MultiDatePickerUIView.swift; sourceTree = "<group>"; };
		3CA1EA862875231F0007346E /* TableUIView.swift */ = {isa = PBXFileReference; lastKnownFileType = sourcecode.swift; path = TableUIView.swift; sourceTree = "<group>"; };
		3CA1EA892876C86F0007346E /* BottomSheetUIView.swift */ = {isa = PBXFileReference; lastKnownFileType = sourcecode.swift; path = BottomSheetUIView.swift; sourceTree = "<group>"; };
		3CA1EA8C2877D7370007346E /* ShareLinkUIView.swift */ = {isa = PBXFileReference; lastKnownFileType = sourcecode.swift; path = ShareLinkUIView.swift; sourceTree = "<group>"; };
		3CA1EA8E287820EC0007346E /* PhotoUIView.swift */ = {isa = PBXFileReference; lastKnownFileType = sourcecode.swift; path = PhotoUIView.swift; sourceTree = "<group>"; };
		3CA38FCA2897763C004BC659 /* XcodeDemoUIView.swift */ = {isa = PBXFileReference; lastKnownFileType = sourcecode.swift; path = XcodeDemoUIView.swift; sourceTree = "<group>"; };
		3CA38FCC28977877004BC659 /* XcodeUIView.swift */ = {isa = PBXFileReference; lastKnownFileType = sourcecode.swift; path = XcodeUIView.swift; sourceTree = "<group>"; };
		3CF79852285C2C230027F2E2 /* NavigationModel.swift */ = {isa = PBXFileReference; lastKnownFileType = sourcecode.swift; path = NavigationModel.swift; sourceTree = "<group>"; };
/* End PBXFileReference section */

/* Begin PBXFrameworksBuildPhase section */
		2DF3AB98285836A100DA868E /* Frameworks */ = {
			isa = PBXFrameworksBuildPhase;
			buildActionMask = 2147483647;
			files = (
			);
			runOnlyForDeploymentPostprocessing = 0;
		};
/* End PBXFrameworksBuildPhase section */

/* Begin PBXGroup section */
		2DF3AB92285836A100DA868E = {
			isa = PBXGroup;
			children = (
				2DF3AB9D285836A100DA868E /* WWDC2022 */,
				2DF3AB9C285836A100DA868E /* Products */,
			);
			sourceTree = "<group>";
		};
		2DF3AB9C285836A100DA868E /* Products */ = {
			isa = PBXGroup;
			children = (
				2DF3AB9B285836A100DA868E /* WWDC2022.app */,
			);
			name = Products;
			sourceTree = "<group>";
		};
		2DF3AB9D285836A100DA868E /* WWDC2022 */ = {
			isa = PBXGroup;
			children = (
				3CA38FC928977627004BC659 /* Xcode */,
				2DF3AB9E285836A100DA868E /* WWDC2022App.swift */,
				2DF3ABA0285836A100DA868E /* ContentView.swift */,
				3CF79852285C2C230027F2E2 /* NavigationModel.swift */,
				2DF3ABA2285836A200DA868E /* Assets.xcassets */,
				2DF3ABA4285836A200DA868E /* WWDC2022.entitlements */,
				2DF3ABA5285836A200DA868E /* Preview Content */,
				3C5212112869860100DCB788 /* SwiftUI */,
				3C521210286985F900DCB788 /* Swift */,
			);
			path = WWDC2022;
			sourceTree = "<group>";
		};
		2DF3ABA5285836A200DA868E /* Preview Content */ = {
			isa = PBXGroup;
			children = (
				2DF3ABA6285836A200DA868E /* Preview Assets.xcassets */,
			);
			path = "Preview Content";
			sourceTree = "<group>";
		};
		3C521210286985F900DCB788 /* Swift */ = {
			isa = PBXGroup;
			children = (
				2D38DD5A288EF778006F859A /* RegularExpressions.swift */,
			);
			path = Swift;
			sourceTree = "<group>";
		};
		3C5212112869860100DCB788 /* SwiftUI */ = {
			isa = PBXGroup;
			children = (
				3C65A8D1287EA0F20086D62E /* NavigationSplit */,
				3C65A8CC287EA08C0086D62E /* NavigationStack */,
				3C65A8C9287E7B880086D62E /* SFSymbols */,
				3C7AB302287E71F0004ADDE5 /* ScrollDismissesKeyboard */,
				3C7AB2FF287E5185004ADDE5 /* Anylayout */,
				3C7AB2FC287DC969004ADDE5 /* Searchable */,
				3CA1EA8B2877D7270007346E /* ShareLink */,
				3CA1EA882876C8440007346E /* BottomSheetPresentation */,
				3CA1EA85287523100007346E /* Table */,
				3C9BB62A286EEA800079A214 /* MultiDatePicker */,
				3C9BB627286ED10A0079A214 /* Gauge */,
				3C9BB624286D7C790079A214 /* Grid */,
				3C5212122869860F00DCB788 /* Charts */,
			);
			path = SwiftUI;
			sourceTree = "<group>";
		};
		3C5212122869860F00DCB788 /* Charts */ = {
			isa = PBXGroup;
			children = (
				3C5212132869869000DCB788 /* ChartsUIView.swift */,
				3C521215286BDFF300DCB788 /* MoreChartsUIView.swift */,
				3C521217286C062400DCB788 /* DemoChartsUIView.swift */,
				3C88333F288CB6880076C0FF /* ChartsData.swift */,
			);
			path = Charts;
			sourceTree = "<group>";
		};
		3C65A8C9287E7B880086D62E /* SFSymbols */ = {
			isa = PBXGroup;
			children = (
				3C65A8CA287E7BAF0086D62E /* SFSymbolsUIView.swift */,
			);
			path = SFSymbols;
			sourceTree = "<group>";
		};
		3C65A8CC287EA08C0086D62E /* NavigationStack */ = {
			isa = PBXGroup;
			children = (
				3C65A8CF287EA0B40086D62E /* NavigationStackUIView.swift */,
			);
			path = NavigationStack;
			sourceTree = "<group>";
		};
		3C65A8D1287EA0F20086D62E /* NavigationSplit */ = {
			isa = PBXGroup;
			children = (
				3C65A8D2287EA1070086D62E /* NavigationSplitUIView.swift */,
			);
			path = NavigationSplit;
			sourceTree = "<group>";
		};
		3C7AB2FC287DC969004ADDE5 /* Searchable */ = {
			isa = PBXGroup;
			children = (
				3C7AB2FD287DC97C004ADDE5 /* SearchableUIView.swift */,
			);
			path = Searchable;
			sourceTree = "<group>";
		};
		3C7AB2FF287E5185004ADDE5 /* Anylayout */ = {
			isa = PBXGroup;
			children = (
				3C7AB300287E52A4004ADDE5 /* AnylayoutUIView.swift */,
			);
			path = Anylayout;
			sourceTree = "<group>";
		};
		3C7AB302287E71F0004ADDE5 /* ScrollDismissesKeyboard */ = {
			isa = PBXGroup;
			children = (
				3C65A8C7287E72630086D62E /* ScrollViewUIView.swift */,
			);
			path = ScrollDismissesKeyboard;
			sourceTree = "<group>";
		};
		3C9BB624286D7C790079A214 /* Grid */ = {
			isa = PBXGroup;
			children = (
				3C9BB625286D7C8C0079A214 /* GridUIView.swift */,
				3C883341288D84AA0076C0FF /* DemoGridUIView.swift */,
			);
			path = Grid;
			sourceTree = "<group>";
		};
		3C9BB627286ED10A0079A214 /* Gauge */ = {
			isa = PBXGroup;
			children = (
				3C9BB628286ED11D0079A214 /* GaugeUIView.swift */,
			);
			path = Gauge;
			sourceTree = "<group>";
		};
		3C9BB62A286EEA800079A214 /* MultiDatePicker */ = {
			isa = PBXGroup;
			children = (
				3C9BB62B286EEA960079A214 /* MultiDatePickerUIView.swift */,
			);
			path = MultiDatePicker;
			sourceTree = "<group>";
		};
		3CA1EA85287523100007346E /* Table */ = {
			isa = PBXGroup;
			children = (
				3CA1EA862875231F0007346E /* TableUIView.swift */,
			);
			path = Table;
			sourceTree = "<group>";
		};
		3CA1EA882876C8440007346E /* BottomSheetPresentation */ = {
			isa = PBXGroup;
			children = (
				3CA1EA892876C86F0007346E /* BottomSheetUIView.swift */,
			);
			path = BottomSheetPresentation;
			sourceTree = "<group>";
		};
		3CA1EA8B2877D7270007346E /* ShareLink */ = {
			isa = PBXGroup;
			children = (
				3CA1EA8C2877D7370007346E /* ShareLinkUIView.swift */,
				3CA1EA8E287820EC0007346E /* PhotoUIView.swift */,
			);
			path = ShareLink;
			sourceTree = "<group>";
		};
		3CA38FC928977627004BC659 /* Xcode */ = {
			isa = PBXGroup;
			children = (
				3CA38FCA2897763C004BC659 /* XcodeDemoUIView.swift */,
				3CA38FCC28977877004BC659 /* XcodeUIView.swift */,
			);
			path = Xcode;
			sourceTree = "<group>";
		};
/* End PBXGroup section */

/* Begin PBXNativeTarget section */
		2DF3AB9A285836A100DA868E /* WWDC2022 */ = {
			isa = PBXNativeTarget;
			buildConfigurationList = 2DF3ABAA285836A200DA868E /* Build configuration list for PBXNativeTarget "WWDC2022" */;
			buildPhases = (
				2DF3AB97285836A100DA868E /* Sources */,
				2DF3AB98285836A100DA868E /* Frameworks */,
				2DF3AB99285836A100DA868E /* Resources */,
			);
			buildRules = (
			);
			dependencies = (
			);
			name = WWDC2022;
			productName = WWDC2022;
			productReference = 2DF3AB9B285836A100DA868E /* WWDC2022.app */;
			productType = "com.apple.product-type.application";
		};
/* End PBXNativeTarget section */

/* Begin PBXProject section */
		2DF3AB93285836A100DA868E /* Project object */ = {
			isa = PBXProject;
			attributes = {
				BuildIndependentTargetsInParallel = 1;
				LastSwiftUpdateCheck = 1400;
				LastUpgradeCheck = 1400;
				TargetAttributes = {
					2DF3AB9A285836A100DA868E = {
						CreatedOnToolsVersion = 14.0;
					};
				};
			};
			buildConfigurationList = 2DF3AB96285836A100DA868E /* Build configuration list for PBXProject "WWDC2022" */;
			compatibilityVersion = "Xcode 14.0";
			developmentRegion = en;
			hasScannedForEncodings = 0;
			knownRegions = (
				en,
				Base,
			);
			mainGroup = 2DF3AB92285836A100DA868E;
			productRefGroup = 2DF3AB9C285836A100DA868E /* Products */;
			projectDirPath = "";
			projectRoot = "";
			targets = (
				2DF3AB9A285836A100DA868E /* WWDC2022 */,
			);
		};
/* End PBXProject section */

/* Begin PBXResourcesBuildPhase section */
		2DF3AB99285836A100DA868E /* Resources */ = {
			isa = PBXResourcesBuildPhase;
			buildActionMask = 2147483647;
			files = (
				2DF3ABA7285836A200DA868E /* Preview Assets.xcassets in Resources */,
				2DF3ABA3285836A200DA868E /* Assets.xcassets in Resources */,
			);
			runOnlyForDeploymentPostprocessing = 0;
		};
/* End PBXResourcesBuildPhase section */

/* Begin PBXSourcesBuildPhase section */
		2DF3AB97285836A100DA868E /* Sources */ = {
			isa = PBXSourcesBuildPhase;
			buildActionMask = 2147483647;
			files = (
				3C65A8D0287EA0B40086D62E /* NavigationStackUIView.swift in Sources */,
				3C7AB2FE287DC97C004ADDE5 /* SearchableUIView.swift in Sources */,
				3C65A8CB287E7BAF0086D62E /* SFSymbolsUIView.swift in Sources */,
				3CA38FCB2897763C004BC659 /* XcodeDemoUIView.swift in Sources */,
				3C65A8D3287EA1070086D62E /* NavigationSplitUIView.swift in Sources */,
				2DF3ABA1285836A100DA868E /* ContentView.swift in Sources */,
				3CA1EA8F287820EC0007346E /* PhotoUIView.swift in Sources */,
				3CA1EA8A2876C86F0007346E /* BottomSheetUIView.swift in Sources */,
				3CA38FCD28977877004BC659 /* XcodeUIView.swift in Sources */,
				3C883342288D84AA0076C0FF /* DemoGridUIView.swift in Sources */,
				3CA1EA8D2877D7370007346E /* ShareLinkUIView.swift in Sources */,
				3CA1EA872875231F0007346E /* TableUIView.swift in Sources */,
				2D38DD5B288EF778006F859A /* RegularExpressions.swift in Sources */,
				3C9BB626286D7C8C0079A214 /* GridUIView.swift in Sources */,
				3C5212142869869000DCB788 /* ChartsUIView.swift in Sources */,
				3C65A8C8287E72630086D62E /* ScrollViewUIView.swift in Sources */,
				2DF3AB9F285836A100DA868E /* WWDC2022App.swift in Sources */,
				3C9BB629286ED11D0079A214 /* GaugeUIView.swift in Sources */,
				3C521216286BDFF300DCB788 /* MoreChartsUIView.swift in Sources */,
				3CF79853285C2C230027F2E2 /* NavigationModel.swift in Sources */,
				3C9BB62C286EEA960079A214 /* MultiDatePickerUIView.swift in Sources */,
				3C521218286C062400DCB788 /* DemoChartsUIView.swift in Sources */,
				3C7AB301287E52A4004ADDE5 /* AnylayoutUIView.swift in Sources */,
				3C883340288CB6880076C0FF /* ChartsData.swift in Sources */,
			);
			runOnlyForDeploymentPostprocessing = 0;
		};
/* End PBXSourcesBuildPhase section */

/* Begin XCBuildConfiguration section */
		2DF3ABA8285836A200DA868E /* Debug */ = {
			isa = XCBuildConfiguration;
			buildSettings = {
				ALWAYS_SEARCH_USER_PATHS = NO;
				CLANG_ANALYZER_NONNULL = YES;
				CLANG_ANALYZER_NUMBER_OBJECT_CONVERSION = YES_AGGRESSIVE;
				CLANG_CXX_LANGUAGE_STANDARD = "gnu++17";
				CLANG_ENABLE_MODULES = YES;
				CLANG_ENABLE_OBJC_ARC = YES;
				CLANG_ENABLE_OBJC_WEAK = YES;
				CLANG_WARN_BLOCK_CAPTURE_AUTORELEASING = YES;
				CLANG_WARN_BOOL_CONVERSION = YES;
				CLANG_WARN_COMMA = YES;
				CLANG_WARN_CONSTANT_CONVERSION = YES;
				CLANG_WARN_DEPRECATED_OBJC_IMPLEMENTATIONS = YES;
				CLANG_WARN_DIRECT_OBJC_ISA_USAGE = YES_ERROR;
				CLANG_WARN_DOCUMENTATION_COMMENTS = YES;
				CLANG_WARN_EMPTY_BODY = YES;
				CLANG_WARN_ENUM_CONVERSION = YES;
				CLANG_WARN_INFINITE_RECURSION = YES;
				CLANG_WARN_INT_CONVERSION = YES;
				CLANG_WARN_NON_LITERAL_NULL_CONVERSION = YES;
				CLANG_WARN_OBJC_IMPLICIT_RETAIN_SELF = YES;
				CLANG_WARN_OBJC_LITERAL_CONVERSION = YES;
				CLANG_WARN_OBJC_ROOT_CLASS = YES_ERROR;
				CLANG_WARN_QUOTED_INCLUDE_IN_FRAMEWORK_HEADER = YES;
				CLANG_WARN_RANGE_LOOP_ANALYSIS = YES;
				CLANG_WARN_STRICT_PROTOTYPES = YES;
				CLANG_WARN_SUSPICIOUS_MOVE = YES;
				CLANG_WARN_UNGUARDED_AVAILABILITY = YES_AGGRESSIVE;
				CLANG_WARN_UNREACHABLE_CODE = YES;
				CLANG_WARN__DUPLICATE_METHOD_MATCH = YES;
				COPY_PHASE_STRIP = NO;
				DEBUG_INFORMATION_FORMAT = dwarf;
				ENABLE_STRICT_OBJC_MSGSEND = YES;
				ENABLE_TESTABILITY = YES;
				GCC_C_LANGUAGE_STANDARD = gnu11;
				GCC_DYNAMIC_NO_PIC = NO;
				GCC_NO_COMMON_BLOCKS = YES;
				GCC_OPTIMIZATION_LEVEL = 0;
				GCC_PREPROCESSOR_DEFINITIONS = (
					"DEBUG=1",
					"$(inherited)",
				);
				GCC_WARN_64_TO_32_BIT_CONVERSION = YES;
				GCC_WARN_ABOUT_RETURN_TYPE = YES_ERROR;
				GCC_WARN_UNDECLARED_SELECTOR = YES;
				GCC_WARN_UNINITIALIZED_AUTOS = YES_AGGRESSIVE;
				GCC_WARN_UNUSED_FUNCTION = YES;
				GCC_WARN_UNUSED_VARIABLE = YES;
				MTL_ENABLE_DEBUG_INFO = INCLUDE_SOURCE;
				MTL_FAST_MATH = YES;
				ONLY_ACTIVE_ARCH = YES;
				SWIFT_ACTIVE_COMPILATION_CONDITIONS = DEBUG;
				SWIFT_OPTIMIZATION_LEVEL = "-Onone";
			};
			name = Debug;
		};
		2DF3ABA9285836A200DA868E /* Release */ = {
			isa = XCBuildConfiguration;
			buildSettings = {
				ALWAYS_SEARCH_USER_PATHS = NO;
				CLANG_ANALYZER_NONNULL = YES;
				CLANG_ANALYZER_NUMBER_OBJECT_CONVERSION = YES_AGGRESSIVE;
				CLANG_CXX_LANGUAGE_STANDARD = "gnu++17";
				CLANG_ENABLE_MODULES = YES;
				CLANG_ENABLE_OBJC_ARC = YES;
				CLANG_ENABLE_OBJC_WEAK = YES;
				CLANG_WARN_BLOCK_CAPTURE_AUTORELEASING = YES;
				CLANG_WARN_BOOL_CONVERSION = YES;
				CLANG_WARN_COMMA = YES;
				CLANG_WARN_CONSTANT_CONVERSION = YES;
				CLANG_WARN_DEPRECATED_OBJC_IMPLEMENTATIONS = YES;
				CLANG_WARN_DIRECT_OBJC_ISA_USAGE = YES_ERROR;
				CLANG_WARN_DOCUMENTATION_COMMENTS = YES;
				CLANG_WARN_EMPTY_BODY = YES;
				CLANG_WARN_ENUM_CONVERSION = YES;
				CLANG_WARN_INFINITE_RECURSION = YES;
				CLANG_WARN_INT_CONVERSION = YES;
				CLANG_WARN_NON_LITERAL_NULL_CONVERSION = YES;
				CLANG_WARN_OBJC_IMPLICIT_RETAIN_SELF = YES;
				CLANG_WARN_OBJC_LITERAL_CONVERSION = YES;
				CLANG_WARN_OBJC_ROOT_CLASS = YES_ERROR;
				CLANG_WARN_QUOTED_INCLUDE_IN_FRAMEWORK_HEADER = YES;
				CLANG_WARN_RANGE_LOOP_ANALYSIS = YES;
				CLANG_WARN_STRICT_PROTOTYPES = YES;
				CLANG_WARN_SUSPICIOUS_MOVE = YES;
				CLANG_WARN_UNGUARDED_AVAILABILITY = YES_AGGRESSIVE;
				CLANG_WARN_UNREACHABLE_CODE = YES;
				CLANG_WARN__DUPLICATE_METHOD_MATCH = YES;
				COPY_PHASE_STRIP = NO;
				DEBUG_INFORMATION_FORMAT = "dwarf-with-dsym";
				ENABLE_NS_ASSERTIONS = NO;
				ENABLE_STRICT_OBJC_MSGSEND = YES;
				GCC_C_LANGUAGE_STANDARD = gnu11;
				GCC_NO_COMMON_BLOCKS = YES;
				GCC_WARN_64_TO_32_BIT_CONVERSION = YES;
				GCC_WARN_ABOUT_RETURN_TYPE = YES_ERROR;
				GCC_WARN_UNDECLARED_SELECTOR = YES;
				GCC_WARN_UNINITIALIZED_AUTOS = YES_AGGRESSIVE;
				GCC_WARN_UNUSED_FUNCTION = YES;
				GCC_WARN_UNUSED_VARIABLE = YES;
				MTL_ENABLE_DEBUG_INFO = NO;
				MTL_FAST_MATH = YES;
				SWIFT_COMPILATION_MODE = wholemodule;
				SWIFT_OPTIMIZATION_LEVEL = "-O";
			};
			name = Release;
		};
		2DF3ABAB285836A200DA868E /* Debug */ = {
			isa = XCBuildConfiguration;
			buildSettings = {
				ASSETCATALOG_COMPILER_APPICON_NAME = AppIcon;
				ASSETCATALOG_COMPILER_GLOBAL_ACCENT_COLOR_NAME = AccentColor;
				CODE_SIGN_ENTITLEMENTS = WWDC2022/WWDC2022.entitlements;
				"CODE_SIGN_IDENTITY[sdk=macosx*]" = "Apple Development";
				CODE_SIGN_STYLE = Automatic;
				CURRENT_PROJECT_VERSION = 1;
				DEVELOPMENT_ASSET_PATHS = "\"WWDC2022/Preview Content\"";
				DEVELOPMENT_TEAM = LYV7H7NCDF;
				ENABLE_PREVIEWS = YES;
				GENERATE_INFOPLIST_FILE = YES;
				"INFOPLIST_KEY_UILaunchScreen_Generation[sdk=iphoneos*]" = YES;
				"INFOPLIST_KEY_UILaunchScreen_Generation[sdk=iphonesimulator*]" = YES;
				INFOPLIST_KEY_UISupportedInterfaceOrientations_iPad = "UIInterfaceOrientationPortrait UIInterfaceOrientationPortraitUpsideDown UIInterfaceOrientationLandscapeLeft UIInterfaceOrientationLandscapeRight";
				INFOPLIST_KEY_UISupportedInterfaceOrientations_iPhone = "UIInterfaceOrientationPortrait UIInterfaceOrientationLandscapeLeft UIInterfaceOrientationLandscapeRight";
				IPHONEOS_DEPLOYMENT_TARGET = 16.0;
				LD_RUNPATH_SEARCH_PATHS = "@executable_path/Frameworks";
				"LD_RUNPATH_SEARCH_PATHS[sdk=macosx*]" = "@executable_path/../Frameworks";
				MACOSX_DEPLOYMENT_TARGET = 12.4;
				MARKETING_VERSION = 1.0;
				PRODUCT_BUNDLE_IDENTIFIER = com.ivanmah.demo.WWDC2022;
				PRODUCT_NAME = "$(TARGET_NAME)";
				SDKROOT = auto;
				SUPPORTED_PLATFORMS = "iphoneos iphonesimulator macosx";
				SWIFT_EMIT_LOC_STRINGS = YES;
				SWIFT_VERSION = 5.0;
				TARGETED_DEVICE_FAMILY = "1,2";
			};
			name = Debug;
		};
		2DF3ABAC285836A200DA868E /* Release */ = {
			isa = XCBuildConfiguration;
			buildSettings = {
				ASSETCATALOG_COMPILER_APPICON_NAME = AppIcon;
				ASSETCATALOG_COMPILER_GLOBAL_ACCENT_COLOR_NAME = AccentColor;
				CODE_SIGN_ENTITLEMENTS = WWDC2022/WWDC2022.entitlements;
				"CODE_SIGN_IDENTITY[sdk=macosx*]" = "Apple Development";
				CODE_SIGN_STYLE = Automatic;
				CURRENT_PROJECT_VERSION = 1;
				DEVELOPMENT_ASSET_PATHS = "\"WWDC2022/Preview Content\"";
				DEVELOPMENT_TEAM = LYV7H7NCDF;
				ENABLE_PREVIEWS = YES;
				GENERATE_INFOPLIST_FILE = YES;
				"INFOPLIST_KEY_UILaunchScreen_Generation[sdk=iphoneos*]" = YES;
				"INFOPLIST_KEY_UILaunchScreen_Generation[sdk=iphonesimulator*]" = YES;
				INFOPLIST_KEY_UISupportedInterfaceOrientations_iPad = "UIInterfaceOrientationPortrait UIInterfaceOrientationPortraitUpsideDown UIInterfaceOrientationLandscapeLeft UIInterfaceOrientationLandscapeRight";
				INFOPLIST_KEY_UISupportedInterfaceOrientations_iPhone = "UIInterfaceOrientationPortrait UIInterfaceOrientationLandscapeLeft UIInterfaceOrientationLandscapeRight";
				IPHONEOS_DEPLOYMENT_TARGET = 16.0;
				LD_RUNPATH_SEARCH_PATHS = "@executable_path/Frameworks";
				"LD_RUNPATH_SEARCH_PATHS[sdk=macosx*]" = "@executable_path/../Frameworks";
				MACOSX_DEPLOYMENT_TARGET = 12.4;
				MARKETING_VERSION = 1.0;
				PRODUCT_BUNDLE_IDENTIFIER = com.ivanmah.demo.WWDC2022;
				PRODUCT_NAME = "$(TARGET_NAME)";
				SDKROOT = auto;
				SUPPORTED_PLATFORMS = "iphoneos iphonesimulator macosx";
				SWIFT_EMIT_LOC_STRINGS = YES;
				SWIFT_VERSION = 5.0;
				TARGETED_DEVICE_FAMILY = "1,2";
			};
			name = Release;
		};
/* End XCBuildConfiguration section */

/* Begin XCConfigurationList section */
		2DF3AB96285836A100DA868E /* Build configuration list for PBXProject "WWDC2022" */ = {
			isa = XCConfigurationList;
			buildConfigurations = (
				2DF3ABA8285836A200DA868E /* Debug */,
				2DF3ABA9285836A200DA868E /* Release */,
			);
			defaultConfigurationIsVisible = 0;
			defaultConfigurationName = Release;
		};
		2DF3ABAA285836A200DA868E /* Build configuration list for PBXNativeTarget "WWDC2022" */ = {
			isa = XCConfigurationList;
			buildConfigurations = (
				2DF3ABAB285836A200DA868E /* Debug */,
				2DF3ABAC285836A200DA868E /* Release */,
			);
			defaultConfigurationIsVisible = 0;
			defaultConfigurationName = Release;
		};
/* End XCConfigurationList section */
	};
	rootObject = 2DF3AB93285836A100DA868E /* Project object */;
}
